
Microsoft Visual Studio Solution File, Format Version 12.00
# Visual Studio 15
VisualStudioVersion = 15.0.27428.2015
MinimumVisualStudioVersion = 10.0.40219.1
Project("{9A19103F-16F7-4668-BE54-9A1E7A4F7556}") = "Suddenly.Front.MVC", "Suddenly.Front.MVC\Suddenly.Front.MVC.csproj", "{1253863F-7363-45DE-9C6B-05FC4740EB96}"
EndProject
Project("{FAE04EC0-301F-11D3-BF4B-00C04F79EFBC}") = "Suddenly.Front.ConsoleUI", "Suddenly.Front.ConsoleUI\Suddenly.Front.ConsoleUI.csproj", "{24AD4E54-37F6-4CE7-8B89-7E5584084936}"
EndProject
Global
	GlobalSection(SolutionConfigurationPlatforms) = preSolution
		Debug|Any CPU = Debug|Any CPU
		Release|Any CPU = Release|Any CPU
	EndGlobalSection
	GlobalSection(ProjectConfigurationPlatforms) = postSolution
		{1253863F-7363-45DE-9C6B-05FC4740EB96}.Debug|Any CPU.ActiveCfg = Debug|Any CPU
		{1253863F-7363-45DE-9C6B-05FC4740EB96}.Debug|Any CPU.Build.0 = Debug|Any CPU
		{1253863F-7363-45DE-9C6B-05FC4740EB96}.Release|Any CPU.ActiveCfg = Release|Any CPU
		{1253863F-7363-45DE-9C6B-05FC4740EB96}.Release|Any CPU.Build.0 = Release|Any CPU
		{24AD4E54-37F6-4CE7-8B89-7E5584084936}.Debug|Any CPU.ActiveCfg = Debug|Any CPU
		{24AD4E54-37F6-4CE7-8B89-7E5584084936}.Debug|Any CPU.Build.0 = Debug|Any CPU
		{24AD4E54-37F6-4CE7-8B89-7E5584084936}.Release|Any CPU.ActiveCfg = Release|Any CPU
		{24AD4E54-37F6-4CE7-8B89-7E5584084936}.Release|Any CPU.Build.0 = Release|Any CPU
	EndGlobalSection
	GlobalSection(SolutionProperties) = preSolution
		HideSolutionNode = FALSE
	EndGlobalSection
	GlobalSection(ExtensibilityGlobals) = postSolution
		SolutionGuid = {AF2D5BE0-E09D-4608-AE47-42A7EADE9DBE}
	EndGlobalSection
EndGlobal
