
Microsoft Visual Studio Solution File, Format Version 12.00
# Visual Studio 15
VisualStudioVersion = 15.0.27428.2027
MinimumVisualStudioVersion = 10.0.40219.1
Project("{FAE04EC0-301F-11D3-BF4B-00C04F79EFBC}") = "Tndr.ConsoleUI.V1", "Tndr.ConsoleUI.V1\Tndr.ConsoleUI.V1.csproj", "{A777A596-431B-445B-9424-4B66C8FD2578}"
EndProject
Global
	GlobalSection(SolutionConfigurationPlatforms) = preSolution
		Debug|Any CPU = Debug|Any CPU
		Release|Any CPU = Release|Any CPU
	EndGlobalSection
	GlobalSection(ProjectConfigurationPlatforms) = postSolution
		{A777A596-431B-445B-9424-4B66C8FD2578}.Debug|Any CPU.ActiveCfg = Debug|Any CPU
		{A777A596-431B-445B-9424-4B66C8FD2578}.Debug|Any CPU.Build.0 = Debug|Any CPU
		{A777A596-431B-445B-9424-4B66C8FD2578}.Release|Any CPU.ActiveCfg = Release|Any CPU
		{A777A596-431B-445B-9424-4B66C8FD2578}.Release|Any CPU.Build.0 = Release|Any CPU
	EndGlobalSection
	GlobalSection(SolutionProperties) = preSolution
		HideSolutionNode = FALSE
	EndGlobalSection
	GlobalSection(ExtensibilityGlobals) = postSolution
		SolutionGuid = {C71013D5-96B3-41A3-846E-C2F912DA7BD0}
	EndGlobalSection
EndGlobal
